// !$*UTF8*$!
{
	archiveVersion = 1;
	classes = {
	};
	objectVersion = 48;
	objects = {

/* Begin PBXBuildFile section */
		173960B9FB90886C2AF084D0 /* SongsViewController.swift in Sources */ = {isa = PBXBuildFile; fileRef = 17396EC1FF7CFE0736562D08 /* SongsViewController.swift */; };
		173961237DAAF369224FA1C4 /* example.mp4 in Resources */ = {isa = PBXBuildFile; fileRef = 1739643EBFD28E18EB238E1C /* example.mp4 */; };
		1739613443E6A4A572A82D1A /* Item.swift in Sources */ = {isa = PBXBuildFile; fileRef = 17396713CB1050F63B8BDB9B /* Item.swift */; };
		1739623A879E451E642C0CBD /* LaunchScreen.storyboard in Resources */ = {isa = PBXBuildFile; fileRef = 173968A567C2A3890813B2D9 /* LaunchScreen.storyboard */; };
		17396265E5DE42D6F3E8C99B /* Helper.swift in Sources */ = {isa = PBXBuildFile; fileRef = 17396A9C93756CDAAED9A05F /* Helper.swift */; };
		173963295EF0FC61BAD4D6EF /* example.jpg in Resources */ = {isa = PBXBuildFile; fileRef = 1739697C860F9A740F410813 /* example.jpg */; };
		1739634CE513296D2DB05A36 /* ItemStoring.swift in Sources */ = {isa = PBXBuildFile; fileRef = 173968FBF3487F869E4CBA0B /* ItemStoring.swift */; };
		173963886EF923C80089B11F /* NotesViewController.swift in Sources */ = {isa = PBXBuildFile; fileRef = 173967BB876BD723CE469575 /* NotesViewController.swift */; };
		1739646FCDB8D1C88DF4E2AF /* Movie.swift in Sources */ = {isa = PBXBuildFile; fileRef = 17396E7063371554143FC75B /* Movie.swift */; };
		173964AF297931D5240432DC /* Assets.xcassets in Resources */ = {isa = PBXBuildFile; fileRef = 17396427A314426453006E37 /* Assets.xcassets */; };
		173964B5F0DA5DDAAF1D4B3D /* example.txt in Resources */ = {isa = PBXBuildFile; fileRef = 17396BE42299B6A6715FBB4A /* example.txt */; };
		173965303982527C38AF0C76 /* PreviewViewController.swift in Sources */ = {isa = PBXBuildFile; fileRef = 17396318903338FA9862DA0F /* PreviewViewController.swift */; };
		173966350B2387A2A9A2A840 /* Note.swift in Sources */ = {isa = PBXBuildFile; fileRef = 17396ABAA17C35E0F7547609 /* Note.swift */; };
		17396678CE8A1CDEE83393BC /* example.mp3 in Resources */ = {isa = PBXBuildFile; fileRef = 17396C531A5768E685C4EF04 /* example.mp3 */; };
		1739667B205A90768D0A3067 /* Main.storyboard in Resources */ = {isa = PBXBuildFile; fileRef = 17396F58A0C1BEC94C504BA9 /* Main.storyboard */; };
		173966B6FAA023A4A6BB970E /* MoviesViewController.swift in Sources */ = {isa = PBXBuildFile; fileRef = 173964A9E569C6990DF7025E /* MoviesViewController.swift */; };
		173966DA2EBB4024A4FD9389 /* Song.swift in Sources */ = {isa = PBXBuildFile; fileRef = 1739669620A3CC851B697504 /* Song.swift */; };
		1739699ADCFBB2FBDC70A62B /* AppDelegate.swift in Sources */ = {isa = PBXBuildFile; fileRef = 17396976455C315CBACC62A4 /* AppDelegate.swift */; };
		17396A65C57435034B81D699 /* PhotosViewController.swift in Sources */ = {isa = PBXBuildFile; fileRef = 173962E96D058F054410CE5A /* PhotosViewController.swift */; };
		17396D054FF18D4102FD8512 /* NavigationBarStyling.swift in Sources */ = {isa = PBXBuildFile; fileRef = 17396EAF37A1DA75DEE58D41 /* NavigationBarStyling.swift */; };
		17396E447E67704DFAEF158D /* SplitViewController.swift in Sources */ = {isa = PBXBuildFile; fileRef = 17396F473E1AA89ED0F16538 /* SplitViewController.swift */; };
		17396E95E5D7C5367C0ACD05 /* MasterViewController.swift in Sources */ = {isa = PBXBuildFile; fileRef = 173965209FDD98F29A8FD625 /* MasterViewController.swift */; };
		17396EB0AD8EAEF61EDCE1EF /* Photo.swift in Sources */ = {isa = PBXBuildFile; fileRef = 17396D9BBC8F2CD4221DE17A /* Photo.swift */; };
/* End PBXBuildFile section */

/* Begin PBXFileReference section */
		173962E96D058F054410CE5A /* PhotosViewController.swift */ = {isa = PBXFileReference; fileEncoding = 4; lastKnownFileType = sourcecode.swift; path = PhotosViewController.swift; sourceTree = "<group>"; };
		17396318903338FA9862DA0F /* PreviewViewController.swift */ = {isa = PBXFileReference; fileEncoding = 4; lastKnownFileType = sourcecode.swift; path = PreviewViewController.swift; sourceTree = "<group>"; };
		17396427A314426453006E37 /* Assets.xcassets */ = {isa = PBXFileReference; lastKnownFileType = folder.assetcatalog; path = Assets.xcassets; sourceTree = "<group>"; };
		1739642F229182A1D94B9872 /* Info.plist */ = {isa = PBXFileReference; fileEncoding = 4; lastKnownFileType = text.plist.info; path = Info.plist; sourceTree = "<group>"; };
		1739643EBFD28E18EB238E1C /* example.mp4 */ = {isa = PBXFileReference; lastKnownFileType = file.mp4; path = example.mp4; sourceTree = "<group>"; };
		173964A9E569C6990DF7025E /* MoviesViewController.swift */ = {isa = PBXFileReference; fileEncoding = 4; lastKnownFileType = sourcecode.swift; path = MoviesViewController.swift; sourceTree = "<group>"; };
		173965209FDD98F29A8FD625 /* MasterViewController.swift */ = {isa = PBXFileReference; fileEncoding = 4; lastKnownFileType = sourcecode.swift; path = MasterViewController.swift; sourceTree = "<group>"; };
		1739669620A3CC851B697504 /* Song.swift */ = {isa = PBXFileReference; fileEncoding = 4; lastKnownFileType = sourcecode.swift; path = Song.swift; sourceTree = "<group>"; };
		17396713CB1050F63B8BDB9B /* Item.swift */ = {isa = PBXFileReference; fileEncoding = 4; lastKnownFileType = sourcecode.swift; path = Item.swift; sourceTree = "<group>"; };
		173967BB876BD723CE469575 /* NotesViewController.swift */ = {isa = PBXFileReference; fileEncoding = 4; lastKnownFileType = sourcecode.swift; path = NotesViewController.swift; sourceTree = "<group>"; };
		173968FBF3487F869E4CBA0B /* ItemStoring.swift */ = {isa = PBXFileReference; fileEncoding = 4; lastKnownFileType = sourcecode.swift; path = ItemStoring.swift; sourceTree = "<group>"; };
		17396976455C315CBACC62A4 /* AppDelegate.swift */ = {isa = PBXFileReference; fileEncoding = 4; lastKnownFileType = sourcecode.swift; path = AppDelegate.swift; sourceTree = "<group>"; };
		1739697C860F9A740F410813 /* example.jpg */ = {isa = PBXFileReference; lastKnownFileType = image.jpeg; path = example.jpg; sourceTree = "<group>"; };
		17396A9C93756CDAAED9A05F /* Helper.swift */ = {isa = PBXFileReference; fileEncoding = 4; lastKnownFileType = sourcecode.swift; path = Helper.swift; sourceTree = "<group>"; };
		17396ABAA17C35E0F7547609 /* Note.swift */ = {isa = PBXFileReference; fileEncoding = 4; lastKnownFileType = sourcecode.swift; path = Note.swift; sourceTree = "<group>"; };
		17396B422CCC974932168D4F /* Base */ = {isa = PBXFileReference; lastKnownFileType = file.storyboard; name = Base; path = ThingSaver/Base.lproj/LaunchScreen.storyboard; sourceTree = SOURCE_ROOT; };
		17396BE42299B6A6715FBB4A /* example.txt */ = {isa = PBXFileReference; fileEncoding = 4; lastKnownFileType = text; path = example.txt; sourceTree = "<group>"; };
		17396C192A4DA9D9EBE62BFA /* Base */ = {isa = PBXFileReference; lastKnownFileType = file.storyboard; name = Base; path = ThingSaver/Base.lproj/Main.storyboard; sourceTree = SOURCE_ROOT; };
		17396C531A5768E685C4EF04 /* example.mp3 */ = {isa = PBXFileReference; lastKnownFileType = audio.mp3; path = example.mp3; sourceTree = "<group>"; };
		17396D9BBC8F2CD4221DE17A /* Photo.swift */ = {isa = PBXFileReference; fileEncoding = 4; lastKnownFileType = sourcecode.swift; path = Photo.swift; sourceTree = "<group>"; };
		17396E7063371554143FC75B /* Movie.swift */ = {isa = PBXFileReference; fileEncoding = 4; lastKnownFileType = sourcecode.swift; path = Movie.swift; sourceTree = "<group>"; };
		17396EAF37A1DA75DEE58D41 /* NavigationBarStyling.swift */ = {isa = PBXFileReference; fileEncoding = 4; lastKnownFileType = sourcecode.swift; path = NavigationBarStyling.swift; sourceTree = "<group>"; };
		17396EC1FF7CFE0736562D08 /* SongsViewController.swift */ = {isa = PBXFileReference; fileEncoding = 4; lastKnownFileType = sourcecode.swift; path = SongsViewController.swift; sourceTree = "<group>"; };
		17396F473E1AA89ED0F16538 /* SplitViewController.swift */ = {isa = PBXFileReference; fileEncoding = 4; lastKnownFileType = sourcecode.swift; path = SplitViewController.swift; sourceTree = "<group>"; };
		5190F5A41F9CB462005C8896 /* ThingSaver.app */ = {isa = PBXFileReference; explicitFileType = wrapper.application; includeInIndex = 0; path = ThingSaver.app; sourceTree = BUILT_PRODUCTS_DIR; };
/* End PBXFileReference section */

/* Begin PBXFrameworksBuildPhase section */
		5190F5A11F9CB462005C8896 /* Frameworks */ = {
			isa = PBXFrameworksBuildPhase;
			buildActionMask = 2147483647;
			files = (
			);
			runOnlyForDeploymentPostprocessing = 0;
		};
/* End PBXFrameworksBuildPhase section */

/* Begin PBXGroup section */
		17396021955C72AF0E673A53 /* App Delegate */ = {
			isa = PBXGroup;
			children = (
				17396976455C315CBACC62A4 /* AppDelegate.swift */,
			);
			path = "App Delegate";
			sourceTree = "<group>";
		};
		1739610AE51FB654012F6B6E /* Model */ = {
			isa = PBXGroup;
			children = (
				1739669620A3CC851B697504 /* Song.swift */,
				17396ABAA17C35E0F7547609 /* Note.swift */,
				17396D9BBC8F2CD4221DE17A /* Photo.swift */,
				17396E7063371554143FC75B /* Movie.swift */,
			);
			path = Model;
			sourceTree = "<group>";
		};
		1739616491E06586D9012B3D /* Protocols */ = {
			isa = PBXGroup;
			children = (
				173968FBF3487F869E4CBA0B /* ItemStoring.swift */,
				17396EAF37A1DA75DEE58D41 /* NavigationBarStyling.swift */,
				17396713CB1050F63B8BDB9B /* Item.swift */,
			);
			path = Protocols;
			sourceTree = "<group>";
		};
		173963A4ADE1623D47DA3786 /* ViewControllers */ = {
			isa = PBXGroup;
			children = (
				17396318903338FA9862DA0F /* PreviewViewController.swift */,
				17396EC1FF7CFE0736562D08 /* SongsViewController.swift */,
				17396F473E1AA89ED0F16538 /* SplitViewController.swift */,
				173965209FDD98F29A8FD625 /* MasterViewController.swift */,
				173967BB876BD723CE469575 /* NotesViewController.swift */,
				173962E96D058F054410CE5A /* PhotosViewController.swift */,
				173964A9E569C6990DF7025E /* MoviesViewController.swift */,
			);
			path = ViewControllers;
			sourceTree = "<group>";
		};
		17396758466FF823CB68AA66 /* Storyboards */ = {
			isa = PBXGroup;
			children = (
				173968A567C2A3890813B2D9 /* LaunchScreen.storyboard */,
				17396F58A0C1BEC94C504BA9 /* Main.storyboard */,
			);
			path = Storyboards;
			sourceTree = "<group>";
		};
		1739680ECC5CFC8F858AB430 /* Content */ = {
			isa = PBXGroup;
			children = (
				1739643EBFD28E18EB238E1C /* example.mp4 */,
				17396C531A5768E685C4EF04 /* example.mp3 */,
				17396BE42299B6A6715FBB4A /* example.txt */,
				1739697C860F9A740F410813 /* example.jpg */,
			);
			path = Content;
			sourceTree = "<group>";
		};
		173969761B4CFB5340291CB2 /* Configuration */ = {
			isa = PBXGroup;
			children = (
				1739642F229182A1D94B9872 /* Info.plist */,
			);
			path = Configuration;
			sourceTree = "<group>";
		};
		17396D43CD01DB51D5340AE7 /* Resources */ = {
			isa = PBXGroup;
			children = (
				17396427A314426453006E37 /* Assets.xcassets */,
				1739680ECC5CFC8F858AB430 /* Content */,
			);
			path = Resources;
			sourceTree = "<group>";
		};
		17396E0344797F530798E797 /* Helpers */ = {
			isa = PBXGroup;
			children = (
				17396A9C93756CDAAED9A05F /* Helper.swift */,
			);
			path = Helpers;
			sourceTree = "<group>";
		};
		5190F59B1F9CB462005C8896 = {
			isa = PBXGroup;
			children = (
				5190F5A61F9CB462005C8896 /* ThingSaver */,
				5190F5A51F9CB462005C8896 /* Products */,
			);
			sourceTree = "<group>";
		};
		5190F5A51F9CB462005C8896 /* Products */ = {
			isa = PBXGroup;
			children = (
				5190F5A41F9CB462005C8896 /* ThingSaver.app */,
			);
			name = Products;
			sourceTree = "<group>";
		};
		5190F5A61F9CB462005C8896 /* ThingSaver */ = {
			isa = PBXGroup;
			children = (
				17396021955C72AF0E673A53 /* App Delegate */,
				17396D43CD01DB51D5340AE7 /* Resources */,
				17396E0344797F530798E797 /* Helpers */,
				173969761B4CFB5340291CB2 /* Configuration */,
				17396758466FF823CB68AA66 /* Storyboards */,
				173963A4ADE1623D47DA3786 /* ViewControllers */,
				1739610AE51FB654012F6B6E /* Model */,
				1739616491E06586D9012B3D /* Protocols */,
			);
			path = ThingSaver;
			sourceTree = "<group>";
		};
/* End PBXGroup section */

/* Begin PBXNativeTarget section */
		5190F5A31F9CB462005C8896 /* ThingSaver */ = {
			isa = PBXNativeTarget;
			buildConfigurationList = 5190F5B61F9CB462005C8896 /* Build configuration list for PBXNativeTarget "ThingSaver" */;
			buildPhases = (
				5190F5A01F9CB462005C8896 /* Sources */,
				5190F5A11F9CB462005C8896 /* Frameworks */,
				5190F5A21F9CB462005C8896 /* Resources */,
			);
			buildRules = (
			);
			dependencies = (
			);
			name = ThingSaver;
			productName = ThingSaver;
			productReference = 5190F5A41F9CB462005C8896 /* ThingSaver.app */;
			productType = "com.apple.product-type.application";
		};
/* End PBXNativeTarget section */

/* Begin PBXProject section */
		5190F59C1F9CB462005C8896 /* Project object */ = {
			isa = PBXProject;
			attributes = {
				LastSwiftUpdateCheck = 0900;
				LastUpgradeCheck = 0900;
				ORGANIZATIONNAME = "Paul Hudson";
				TargetAttributes = {
					5190F5A31F9CB462005C8896 = {
						CreatedOnToolsVersion = 9.0.1;
						ProvisioningStyle = Automatic;
					};
				};
			};
			buildConfigurationList = 5190F59F1F9CB462005C8896 /* Build configuration list for PBXProject "ThingSaver" */;
			compatibilityVersion = "Xcode 8.0";
			developmentRegion = en;
			hasScannedForEncodings = 0;
			knownRegions = (
				en,
				Base,
			);
			mainGroup = 5190F59B1F9CB462005C8896;
			productRefGroup = 5190F5A51F9CB462005C8896 /* Products */;
			projectDirPath = "";
			projectRoot = "";
			targets = (
				5190F5A31F9CB462005C8896 /* ThingSaver */,
			);
		};
/* End PBXProject section */

/* Begin PBXResourcesBuildPhase section */
		5190F5A21F9CB462005C8896 /* Resources */ = {
			isa = PBXResourcesBuildPhase;
			buildActionMask = 2147483647;
			files = (
				173964AF297931D5240432DC /* Assets.xcassets in Resources */,
				173961237DAAF369224FA1C4 /* example.mp4 in Resources */,
				17396678CE8A1CDEE83393BC /* example.mp3 in Resources */,
				173964B5F0DA5DDAAF1D4B3D /* example.txt in Resources */,
				173963295EF0FC61BAD4D6EF /* example.jpg in Resources */,
				1739623A879E451E642C0CBD /* LaunchScreen.storyboard in Resources */,
				1739667B205A90768D0A3067 /* Main.storyboard in Resources */,
			);
			runOnlyForDeploymentPostprocessing = 0;
		};
/* End PBXResourcesBuildPhase section */

/* Begin PBXSourcesBuildPhase section */
		5190F5A01F9CB462005C8896 /* Sources */ = {
			isa = PBXSourcesBuildPhase;
			buildActionMask = 2147483647;
			files = (
				1739699ADCFBB2FBDC70A62B /* AppDelegate.swift in Sources */,
				17396265E5DE42D6F3E8C99B /* Helper.swift in Sources */,
				173965303982527C38AF0C76 /* PreviewViewController.swift in Sources */,
				173960B9FB90886C2AF084D0 /* SongsViewController.swift in Sources */,
				17396E447E67704DFAEF158D /* SplitViewController.swift in Sources */,
				17396E95E5D7C5367C0ACD05 /* MasterViewController.swift in Sources */,
				173963886EF923C80089B11F /* NotesViewController.swift in Sources */,
				17396A65C57435034B81D699 /* PhotosViewController.swift in Sources */,
				173966B6FAA023A4A6BB970E /* MoviesViewController.swift in Sources */,
				173966DA2EBB4024A4FD9389 /* Song.swift in Sources */,
				173966350B2387A2A9A2A840 /* Note.swift in Sources */,
				17396EB0AD8EAEF61EDCE1EF /* Photo.swift in Sources */,
				1739646FCDB8D1C88DF4E2AF /* Movie.swift in Sources */,
				1739634CE513296D2DB05A36 /* ItemStoring.swift in Sources */,
				17396D054FF18D4102FD8512 /* NavigationBarStyling.swift in Sources */,
				1739613443E6A4A572A82D1A /* Item.swift in Sources */,
			);
			runOnlyForDeploymentPostprocessing = 0;
		};
/* End PBXSourcesBuildPhase section */

/* Begin PBXVariantGroup section */
		173968A567C2A3890813B2D9 /* LaunchScreen.storyboard */ = {
			isa = PBXVariantGroup;
			children = (
				17396B422CCC974932168D4F /* Base */,
			);
			name = LaunchScreen.storyboard;
			sourceTree = "<group>";
		};
		17396F58A0C1BEC94C504BA9 /* Main.storyboard */ = {
			isa = PBXVariantGroup;
			children = (
				17396C192A4DA9D9EBE62BFA /* Base */,
			);
			name = Main.storyboard;
			sourceTree = "<group>";
		};
/* End PBXVariantGroup section */

/* Begin XCBuildConfiguration section */
		5190F5B41F9CB462005C8896 /* Debug */ = {
			isa = XCBuildConfiguration;
			buildSettings = {
				ALWAYS_SEARCH_USER_PATHS = NO;
				CLANG_ANALYZER_NONNULL = YES;
				CLANG_ANALYZER_NUMBER_OBJECT_CONVERSION = YES_AGGRESSIVE;
				CLANG_CXX_LANGUAGE_STANDARD = "gnu++14";
				CLANG_CXX_LIBRARY = "libc++";
				CLANG_ENABLE_MODULES = YES;
				CLANG_ENABLE_OBJC_ARC = YES;
				CLANG_WARN_BLOCK_CAPTURE_AUTORELEASING = YES;
				CLANG_WARN_BOOL_CONVERSION = YES;
				CLANG_WARN_COMMA = YES;
				CLANG_WARN_CONSTANT_CONVERSION = YES;
				CLANG_WARN_DIRECT_OBJC_ISA_USAGE = YES_ERROR;
				CLANG_WARN_DOCUMENTATION_COMMENTS = YES;
				CLANG_WARN_EMPTY_BODY = YES;
				CLANG_WARN_ENUM_CONVERSION = YES;
				CLANG_WARN_INFINITE_RECURSION = YES;
				CLANG_WARN_INT_CONVERSION = YES;
				CLANG_WARN_NON_LITERAL_NULL_CONVERSION = YES;
				CLANG_WARN_OBJC_LITERAL_CONVERSION = YES;
				CLANG_WARN_OBJC_ROOT_CLASS = YES_ERROR;
				CLANG_WARN_RANGE_LOOP_ANALYSIS = YES;
				CLANG_WARN_STRICT_PROTOTYPES = YES;
				CLANG_WARN_SUSPICIOUS_MOVE = YES;
				CLANG_WARN_UNGUARDED_AVAILABILITY = YES_AGGRESSIVE;
				CLANG_WARN_UNREACHABLE_CODE = YES;
				CLANG_WARN__DUPLICATE_METHOD_MATCH = YES;
				CODE_SIGN_IDENTITY = "iPhone Developer";
				COPY_PHASE_STRIP = NO;
				DEBUG_INFORMATION_FORMAT = dwarf;
				ENABLE_STRICT_OBJC_MSGSEND = YES;
				ENABLE_TESTABILITY = YES;
				GCC_C_LANGUAGE_STANDARD = gnu11;
				GCC_DYNAMIC_NO_PIC = NO;
				GCC_NO_COMMON_BLOCKS = YES;
				GCC_OPTIMIZATION_LEVEL = 0;
				GCC_PREPROCESSOR_DEFINITIONS = (
					"DEBUG=1",
					"$(inherited)",
				);
				GCC_WARN_64_TO_32_BIT_CONVERSION = YES;
				GCC_WARN_ABOUT_RETURN_TYPE = YES_ERROR;
				GCC_WARN_UNDECLARED_SELECTOR = YES;
				GCC_WARN_UNINITIALIZED_AUTOS = YES_AGGRESSIVE;
				GCC_WARN_UNUSED_FUNCTION = YES;
				GCC_WARN_UNUSED_VARIABLE = YES;
				IPHONEOS_DEPLOYMENT_TARGET = 11.0;
				MTL_ENABLE_DEBUG_INFO = YES;
				ONLY_ACTIVE_ARCH = YES;
				SDKROOT = iphoneos;
				SWIFT_ACTIVE_COMPILATION_CONDITIONS = DEBUG;
				SWIFT_OPTIMIZATION_LEVEL = "-Onone";
			};
			name = Debug;
		};
		5190F5B51F9CB462005C8896 /* Release */ = {
			isa = XCBuildConfiguration;
			buildSettings = {
				ALWAYS_SEARCH_USER_PATHS = NO;
				CLANG_ANALYZER_NONNULL = YES;
				CLANG_ANALYZER_NUMBER_OBJECT_CONVERSION = YES_AGGRESSIVE;
				CLANG_CXX_LANGUAGE_STANDARD = "gnu++14";
				CLANG_CXX_LIBRARY = "libc++";
				CLANG_ENABLE_MODULES = YES;
				CLANG_ENABLE_OBJC_ARC = YES;
				CLANG_WARN_BLOCK_CAPTURE_AUTORELEASING = YES;
				CLANG_WARN_BOOL_CONVERSION = YES;
				CLANG_WARN_COMMA = YES;
				CLANG_WARN_CONSTANT_CONVERSION = YES;
				CLANG_WARN_DIRECT_OBJC_ISA_USAGE = YES_ERROR;
				CLANG_WARN_DOCUMENTATION_COMMENTS = YES;
				CLANG_WARN_EMPTY_BODY = YES;
				CLANG_WARN_ENUM_CONVERSION = YES;
				CLANG_WARN_INFINITE_RECURSION = YES;
				CLANG_WARN_INT_CONVERSION = YES;
				CLANG_WARN_NON_LITERAL_NULL_CONVERSION = YES;
				CLANG_WARN_OBJC_LITERAL_CONVERSION = YES;
				CLANG_WARN_OBJC_ROOT_CLASS = YES_ERROR;
				CLANG_WARN_RANGE_LOOP_ANALYSIS = YES;
				CLANG_WARN_STRICT_PROTOTYPES = YES;
				CLANG_WARN_SUSPICIOUS_MOVE = YES;
				CLANG_WARN_UNGUARDED_AVAILABILITY = YES_AGGRESSIVE;
				CLANG_WARN_UNREACHABLE_CODE = YES;
				CLANG_WARN__DUPLICATE_METHOD_MATCH = YES;
				CODE_SIGN_IDENTITY = "iPhone Developer";
				COPY_PHASE_STRIP = NO;
				DEBUG_INFORMATION_FORMAT = "dwarf-with-dsym";
				ENABLE_NS_ASSERTIONS = NO;
				ENABLE_STRICT_OBJC_MSGSEND = YES;
				GCC_C_LANGUAGE_STANDARD = gnu11;
				GCC_NO_COMMON_BLOCKS = YES;
				GCC_WARN_64_TO_32_BIT_CONVERSION = YES;
				GCC_WARN_ABOUT_RETURN_TYPE = YES_ERROR;
				GCC_WARN_UNDECLARED_SELECTOR = YES;
				GCC_WARN_UNINITIALIZED_AUTOS = YES_AGGRESSIVE;
				GCC_WARN_UNUSED_FUNCTION = YES;
				GCC_WARN_UNUSED_VARIABLE = YES;
				IPHONEOS_DEPLOYMENT_TARGET = 11.0;
				MTL_ENABLE_DEBUG_INFO = NO;
				SDKROOT = iphoneos;
				SWIFT_OPTIMIZATION_LEVEL = "-Owholemodule";
				VALIDATE_PRODUCT = YES;
			};
			name = Release;
		};
		5190F5B71F9CB462005C8896 /* Debug */ = {
			isa = XCBuildConfiguration;
			buildSettings = {
				ASSETCATALOG_COMPILER_APPICON_NAME = AppIcon;
				"CODE_SIGN_IDENTITY[sdk=iphoneos*]" = "iPhone Developer";
				CODE_SIGN_STYLE = Automatic;
				DEVELOPMENT_TEAM = 9YH3LZQ69V;
				INFOPLIST_FILE = "$(SRCROOT)/ThingSaver/Configuration/Info.plist";
				LD_RUNPATH_SEARCH_PATHS = "$(inherited) @executable_path/Frameworks";
				PRODUCT_BUNDLE_IDENTIFIER = com.arturazarov.THingSaver;
				PRODUCT_NAME = "$(TARGET_NAME)";
				PROVISIONING_PROFILE_SPECIFIER = "";
				SWIFT_VERSION = 4.0;
				TARGETED_DEVICE_FAMILY = 2;
			};
			name = Debug;
		};
		5190F5B81F9CB462005C8896 /* Release */ = {
			isa = XCBuildConfiguration;
			buildSettings = {
				ASSETCATALOG_COMPILER_APPICON_NAME = AppIcon;
				"CODE_SIGN_IDENTITY[sdk=iphoneos*]" = "iPhone Developer";
				CODE_SIGN_STYLE = Automatic;
				DEVELOPMENT_TEAM = 9YH3LZQ69V;
				INFOPLIST_FILE = "$(SRCROOT)/ThingSaver/Configuration/Info.plist";
				LD_RUNPATH_SEARCH_PATHS = "$(inherited) @executable_path/Frameworks";
				PRODUCT_BUNDLE_IDENTIFIER = com.arturazarov.THingSaver;
				PRODUCT_NAME = "$(TARGET_NAME)";
				PROVISIONING_PROFILE_SPECIFIER = "";
				SWIFT_VERSION = 4.0;
				TARGETED_DEVICE_FAMILY = 2;
			};
			name = Release;
		};
/* End XCBuildConfiguration section */

/* Begin XCConfigurationList section */
		5190F59F1F9CB462005C8896 /* Build configuration list for PBXProject "ThingSaver" */ = {
			isa = XCConfigurationList;
			buildConfigurations = (
				5190F5B41F9CB462005C8896 /* Debug */,
				5190F5B51F9CB462005C8896 /* Release */,
			);
			defaultConfigurationIsVisible = 0;
			defaultConfigurationName = Release;
		};
		5190F5B61F9CB462005C8896 /* Build configuration list for PBXNativeTarget "ThingSaver" */ = {
			isa = XCConfigurationList;
			buildConfigurations = (
				5190F5B71F9CB462005C8896 /* Debug */,
				5190F5B81F9CB462005C8896 /* Release */,
			);
			defaultConfigurationIsVisible = 0;
			defaultConfigurationName = Release;
		};
/* End XCConfigurationList section */
	};
	rootObject = 5190F59C1F9CB462005C8896 /* Project object */;
}
